# @generated by Move, please check-in and do not edit manually.

[move]
version = 3
manifest_digest = "2FFFC42D7CDF3CB89AD036CE5EC2C5E5F5625F66282F69C3E7ECC4903F2D1407"
deps_digest = "F8BBB0CCB2491CA29A3DF03D6F92277A4F3574266507ACD77214D37ECA3F3082"
dependencies = [
  { id = "Sui", name = "Sui" },
]

[[move.package]]
id = "MoveStdlib"
source = { git = "https://github.com/MystenLabs/sui.git", rev = "framework/mainnet", subdir = "crates\\sui-framework\\packages\\move-stdlib" }

[[move.package]]
id = "Sui"
source = { git = "https://github.com/MystenLabs/sui.git", rev = "framework/mainnet", subdir = "crates/sui-framework/packages/sui-framework" }

dependencies = [
  { id = "MoveStdlib", name = "MoveStdlib" },
]

[move.toolchain-version]
compiler-version = "1.58.2"
edition = "2024"
flavor = "sui"

[env]

[env.testnet]
chain-id = "4c78adac"
original-published-id = "0xca7b6dafb380da7a0723ef54cc1f671e34225d6818d57bbe190313f4229448bf"
latest-published-id = "0xca7b6dafb380da7a0723ef54cc1f671e34225d6818d57bbe190313f4229448bf"
published-version = "1"
